<?xml version="1.0" encoding="utf-8"?>
<Project ToolsVersion="4.0" xmlns="http://schemas.microsoft.com/developer/msbuild/2003">
  <ItemGroup>
    <Filter Include="Integer">
      <UniqueIdentifier>{a079fd68-8bdd-4428-be6b-1502ed1e31dd}</UniqueIdentifier>
    </Filter>
    <Filter Include="Floating Point">
      <UniqueIdentifier>{49e8036b-658f-4be4-9b07-57cbe075a1e4}</UniqueIdentifier>
    </Filter>
    <Filter Include="I/O">
      <UniqueIdentifier>{36c7c628-8fd5-4d71-957f-7db9c7c815b7}</UniqueIdentifier>
    </Filter>
    <Filter Include="Rules">
      <UniqueIdentifier>{0e1e6f7c-da1b-4bb5-96ed-c689c85e64b4}</UniqueIdentifier>
    </Filter>
  </ItemGroup>
  <ItemGroup>
    <ClCompile Include="divideByZero.cpp">
      <Filter>Integer</Filter>
    </ClCompile>
    <ClCompile Include="intConversion.cpp">
      <Filter>Integer</Filter>
    </ClCompile>
    <ClCompile Include="signedIntOverflow.cpp">
      <Filter>Integer</Filter>
    </ClCompile>
    <ClCompile Include="unsignedIntWarp.cpp">
      <Filter>Integer</Filter>
    </ClCompile>
    <ClCompile Include="domainRangeError.cpp">
      <Filter>Floating Point</Filter>
    </ClCompile>
    <ClCompile Include="floatingPointConversion.cpp">
      <Filter>Floating Point</Filter>
    </ClCompile>
    <ClCompile Include="floatingPointPrecision.cpp">
      <Filter>Floating Point</Filter>
    </ClCompile>
    <ClCompile Include="endian.cpp">
      <Filter>I/O</Filter>
    </ClCompile>
    <ClCompile Include="TOCTOU.cpp">
      <Filter>I/O</Filter>
    </ClCompile>
    <ClCompile Include="userInput.cpp">
      <Filter>I/O</Filter>
    </ClCompile>
    <ClCompile Include="Rules\CON51-CPP.cpp">
      <Filter>Rules</Filter>
    </ClCompile>
    <ClCompile Include="Rules\CTR52-CPP.cpp">
      <Filter>Rules</Filter>
    </ClCompile>
    <ClCompile Include="Rules\CTR55-CPP.cpp">
      <Filter>Rules</Filter>
    </ClCompile>
    <ClCompile Include="Rules\DCL59-CPP.cpp">
      <Filter>Rules</Filter>
    </ClCompile>
    <ClCompile Include="Rules\DCL59-CPP-func_f.cpp">
      <Filter>Rules</Filter>
    </ClCompile>
    <ClCompile Include="Rules\DCL59-CPP-func_g.cpp">
      <Filter>Rules</Filter>
    </ClCompile>
    <ClCompile Include="Rules\ERR54-CPP.cpp">
      <Filter>Rules</Filter>
    </ClCompile>
    <ClCompile Include="Rules\ERR55-CPP.cpp">
      <Filter>Rules</Filter>
    </ClCompile>
    <ClCompile Include="Rules\ERR56-CPP.cpp">
      <Filter>Rules</Filter>
    </ClCompile>
    <ClCompile Include="Rules\EXP53-CPP.cpp">
      <Filter>Rules</Filter>
    </ClCompile>
    <ClCompile Include="Rules\EXP63-CPP.cpp">
      <Filter>Rules</Filter>
    </ClCompile>
    <ClCompile Include="Rules\FIO50-CPP.cpp">
      <Filter>Rules</Filter>
    </ClCompile>
    <ClCompile Include="Rules\INT50-CPP.cpp">
      <Filter>Rules</Filter>
    </ClCompile>
    <ClCompile Include="Rules\MEM51-CPP.cpp">
      <Filter>Rules</Filter>
    </ClCompile>
    <ClCompile Include="Rules\MEM56-CPP.cpp">
      <Filter>Rules</Filter>
    </ClCompile>
    <ClCompile Include="Rules\MSC50-CPP.cpp">
      <Filter>Rules</Filter>
    </ClCompile>
    <ClCompile Include="Rules\MSC51-CPP.cpp">
      <Filter>Rules</Filter>
    </ClCompile>
    <ClCompile Include="Rules\MSC52-CPP.cpp">
      <Filter>Rules</Filter>
    </ClCompile>
    <ClCompile Include="Rules\OOP52-CPP.cpp">
      <Filter>Rules</Filter>
    </ClCompile>
    <ClCompile Include="Rules\OOP55-CPP.cpp">
      <Filter>Rules</Filter>
    </ClCompile>
    <ClCompile Include="Rules\OOP57-CPP.cpp">
      <Filter>Rules</Filter>
    </ClCompile>
    <ClCompile Include="Rules\OOP58-CPP.cpp">
      <Filter>Rules</Filter>
    </ClCompile>
    <ClCompile Include="Rules\STR50-CPP.cpp">
      <Filter>Rules</Filter>
    </ClCompile>
    <ClCompile Include="Rules\STR51-CPP.cpp">
      <Filter>Rules</Filter>
    </ClCompile>
  </ItemGroup>
  <ItemGroup>
    <ClInclude Include="Rules\DCL59-CPP-unnamed_namespace.h">
      <Filter>Rules</Filter>
    </ClInclude>
  </ItemGroup>
</Project>